{
  "name": "ytaccelerator",
  "lockfileVersion": 2,
  "requires": true,
  "packages": {
    "": {
      "dependencies": {
        "chrome-types": "^0.1.153"
      }
    },
    "node_modules/chrome-types": {
      "version": "0.1.153",
      "resolved": "https://registry.npmjs.org/chrome-types/-/chrome-types-0.1.153.tgz",
      "integrity": "sha512-23gc0p08weUPQmLU7Ux2vnB0qoyNI96o6GkwJeoMRYh9/tB+Eg8+aNDC4g14uQJlOrGrMzeSd11tXZh8TLKjrw=="
    }
  },
  "dependencies": {
    "chrome-types": {
      "version": "0.1.153",
      "resolved": "https://registry.npmjs.org/chrome-types/-/chrome-types-0.1.153.tgz",
      "integrity": "sha512-23gc0p08weUPQmLU7Ux2vnB0qoyNI96o6GkwJeoMRYh9/tB+Eg8+aNDC4g14uQJlOrGrMzeSd11tXZh8TLKjrw=="
    }
  }
}
